
Microsoft Visual Studio Solution File, Format Version 12.00
# Visual Studio Version 16
VisualStudioVersion = 16.0.31702.278
MinimumVisualStudioVersion = 10.0.40219.1
Project("{9A19103F-16F7-4668-BE54-9A1E7A4F7556}") = "Solucion.Api", "Solucion.Api\Solucion.Api.csproj", "{40CBCF25-161A-4B70-B76B-6DD9E1FF1780}"
EndProject
Project("{9A19103F-16F7-4668-BE54-9A1E7A4F7556}") = "Persistencia.Api", "Persistencia.Api\Persistencia.Api.csproj", "{E674F0CE-5222-47A1-A326-E1C4C8DB9CC2}"
EndProject
Project("{9A19103F-16F7-4668-BE54-9A1E7A4F7556}") = "Servicios.Api", "Servicios.Api\Servicios.Api.csproj", "{8AD6927E-BFE9-4DA5-A35D-03E8F84C2C2E}"
EndProject
Global
	GlobalSection(SolutionConfigurationPlatforms) = preSolution
		Debug|Any CPU = Debug|Any CPU
		Release|Any CPU = Release|Any CPU
	EndGlobalSection
	GlobalSection(ProjectConfigurationPlatforms) = postSolution
		{40CBCF25-161A-4B70-B76B-6DD9E1FF1780}.Debug|Any CPU.ActiveCfg = Debug|Any CPU
		{40CBCF25-161A-4B70-B76B-6DD9E1FF1780}.Debug|Any CPU.Build.0 = Debug|Any CPU
		{40CBCF25-161A-4B70-B76B-6DD9E1FF1780}.Release|Any CPU.ActiveCfg = Release|Any CPU
		{40CBCF25-161A-4B70-B76B-6DD9E1FF1780}.Release|Any CPU.Build.0 = Release|Any CPU
		{E674F0CE-5222-47A1-A326-E1C4C8DB9CC2}.Debug|Any CPU.ActiveCfg = Debug|Any CPU
		{E674F0CE-5222-47A1-A326-E1C4C8DB9CC2}.Debug|Any CPU.Build.0 = Debug|Any CPU
		{E674F0CE-5222-47A1-A326-E1C4C8DB9CC2}.Release|Any CPU.ActiveCfg = Release|Any CPU
		{E674F0CE-5222-47A1-A326-E1C4C8DB9CC2}.Release|Any CPU.Build.0 = Release|Any CPU
		{8AD6927E-BFE9-4DA5-A35D-03E8F84C2C2E}.Debug|Any CPU.ActiveCfg = Debug|Any CPU
		{8AD6927E-BFE9-4DA5-A35D-03E8F84C2C2E}.Debug|Any CPU.Build.0 = Debug|Any CPU
		{8AD6927E-BFE9-4DA5-A35D-03E8F84C2C2E}.Release|Any CPU.ActiveCfg = Release|Any CPU
		{8AD6927E-BFE9-4DA5-A35D-03E8F84C2C2E}.Release|Any CPU.Build.0 = Release|Any CPU
	EndGlobalSection
	GlobalSection(SolutionProperties) = preSolution
		HideSolutionNode = FALSE
	EndGlobalSection
	GlobalSection(ExtensibilityGlobals) = postSolution
		SolutionGuid = {92783CA9-8F40-4C71-B244-97B8A28F68A5}
	EndGlobalSection
EndGlobal
